
Microsoft Visual Studio Solution File, Format Version 12.00
# Visual Studio 15
VisualStudioVersion = 15.0.28010.2016
MinimumVisualStudioVersion = 10.0.40219.1
Project("{FAE04EC0-301F-11D3-BF4B-00C04F79EFBC}") = "dbrandesex1b1", "dbrandesex1b1\dbrandesex1b1.csproj", "{B39A6BCE-D7B5-413E-81D8-7A9E482736CD}"
EndProject
Project("{FAE04EC0-301F-11D3-BF4B-00C04F79EFBC}") = "dbrandesex1c1", "dbrandesex1c1\dbrandesex1c1.csproj", "{ED7356BD-DCB6-43B7-AE93-2BA95F7718B8}"
EndProject
Project("{FAE04EC0-301F-11D3-BF4B-00C04F79EFBC}") = "dbrandesex1d1", "dbrandesex1d1\dbrandesex1d1.csproj", "{C744FF26-F004-40F4-A1A0-E296C19CDB5C}"
EndProject
Project("{FAE04EC0-301F-11D3-BF4B-00C04F79EFBC}") = "dbrandesex1e1", "dbrandesex1e1\dbrandesex1e1.csproj", "{D0308E2D-D29D-4110-B670-F15F76FC5712}"
EndProject
Project("{FAE04EC0-301F-11D3-BF4B-00C04F79EFBC}") = "dbrandesex1f1", "dbrandesex1f1\dbrandesex1f1.csproj", "{BEAB6066-1377-4DB4-A159-60BD74EA758C}"
EndProject
Project("{FAE04EC0-301F-11D3-BF4B-00C04F79EFBC}") = "dbrandesex1g1", "dbrandesex1g1\dbrandesex1g1.csproj", "{131D4FD2-0834-48DA-9ADE-FDD2BF764906}"
EndProject
Project("{FAE04EC0-301F-11D3-BF4B-00C04F79EFBC}") = "dbrandesex2a", "dbrandesex2a\dbrandesex2a.csproj", "{C8A8678F-5520-427B-B529-7C8A2B3D5FE4}"
EndProject
Project("{FAE04EC0-301F-11D3-BF4B-00C04F79EFBC}") = "dbrandesex2b1", "dbrandesex2b1\dbrandesex2b1.csproj", "{E4D1B761-35C1-4662-818C-29AFB09CE342}"
EndProject
Project("{FAE04EC0-301F-11D3-BF4B-00C04F79EFBC}") = "dbrandesex2c", "dbrandesex2c\dbrandesex2c.csproj", "{EB6A5EC4-6B0F-444F-80BF-767CC90C3A4A}"
EndProject
Project("{FAE04EC0-301F-11D3-BF4B-00C04F79EFBC}") = "dbrandesex2d1", "dbrandesex2d1\dbrandesex2d1.csproj", "{973C55D9-11E1-48E2-A0C4-2D106C4BBB7C}"
EndProject
Project("{FAE04EC0-301F-11D3-BF4B-00C04F79EFBC}") = "dbrandesex2e1", "dbrandesex2e1\dbrandesex2e1.csproj", "{D310C4D0-36AA-4ECC-B219-65AF8AFD6032}"
EndProject
Project("{FAE04EC0-301F-11D3-BF4B-00C04F79EFBC}") = "dbrandes2e1UnitTests", "dbrandes2e1UnitTests\dbrandes2e1UnitTests.csproj", "{0D49B14A-04DB-4B4B-BB5F-EBFEC07F8C19}"
EndProject
Project("{FAE04EC0-301F-11D3-BF4B-00C04F79EFBC}") = "dbrandesex2f1", "dbrandesex2f1\dbrandesex2f1.csproj", "{D635E87E-6BDC-404D-8ECD-0FCF35CA8F4C}"
EndProject
Project("{FAE04EC0-301F-11D3-BF4B-00C04F79EFBC}") = "dbrandesex2f1UnitTests", "dbrandesex2f1UnitTests\dbrandesex2f1UnitTests.csproj", "{8C3E6BBB-CEF1-44B6-A945-30BD68DDC9DE}"
EndProject
Project("{FAE04EC0-301F-11D3-BF4B-00C04F79EFBC}") = "dbrandesex2g1", "dbrandesex2g1\dbrandesex2g1.csproj", "{B22CF9F9-48ED-4F12-A2A5-6FA7EC594CDD}"
EndProject
Project("{FAE04EC0-301F-11D3-BF4B-00C04F79EFBC}") = "dbrandes2g1UnitTests", "dbrandes2g1UnitTests\dbrandes2g1UnitTests.csproj", "{1DFD2464-A408-426E-8105-2D5055304139}"
EndProject
Global
	GlobalSection(SolutionConfigurationPlatforms) = preSolution
		Debug|Any CPU = Debug|Any CPU
		Release|Any CPU = Release|Any CPU
	EndGlobalSection
	GlobalSection(ProjectConfigurationPlatforms) = postSolution
		{B39A6BCE-D7B5-413E-81D8-7A9E482736CD}.Debug|Any CPU.ActiveCfg = Debug|Any CPU
		{B39A6BCE-D7B5-413E-81D8-7A9E482736CD}.Debug|Any CPU.Build.0 = Debug|Any CPU
		{B39A6BCE-D7B5-413E-81D8-7A9E482736CD}.Release|Any CPU.ActiveCfg = Release|Any CPU
		{B39A6BCE-D7B5-413E-81D8-7A9E482736CD}.Release|Any CPU.Build.0 = Release|Any CPU
		{ED7356BD-DCB6-43B7-AE93-2BA95F7718B8}.Debug|Any CPU.ActiveCfg = Debug|Any CPU
		{ED7356BD-DCB6-43B7-AE93-2BA95F7718B8}.Debug|Any CPU.Build.0 = Debug|Any CPU
		{ED7356BD-DCB6-43B7-AE93-2BA95F7718B8}.Release|Any CPU.ActiveCfg = Release|Any CPU
		{ED7356BD-DCB6-43B7-AE93-2BA95F7718B8}.Release|Any CPU.Build.0 = Release|Any CPU
		{C744FF26-F004-40F4-A1A0-E296C19CDB5C}.Debug|Any CPU.ActiveCfg = Debug|Any CPU
		{C744FF26-F004-40F4-A1A0-E296C19CDB5C}.Debug|Any CPU.Build.0 = Debug|Any CPU
		{C744FF26-F004-40F4-A1A0-E296C19CDB5C}.Release|Any CPU.ActiveCfg = Release|Any CPU
		{C744FF26-F004-40F4-A1A0-E296C19CDB5C}.Release|Any CPU.Build.0 = Release|Any CPU
		{D0308E2D-D29D-4110-B670-F15F76FC5712}.Debug|Any CPU.ActiveCfg = Debug|Any CPU
		{D0308E2D-D29D-4110-B670-F15F76FC5712}.Debug|Any CPU.Build.0 = Debug|Any CPU
		{D0308E2D-D29D-4110-B670-F15F76FC5712}.Release|Any CPU.ActiveCfg = Release|Any CPU
		{D0308E2D-D29D-4110-B670-F15F76FC5712}.Release|Any CPU.Build.0 = Release|Any CPU
		{BEAB6066-1377-4DB4-A159-60BD74EA758C}.Debug|Any CPU.ActiveCfg = Debug|Any CPU
		{BEAB6066-1377-4DB4-A159-60BD74EA758C}.Debug|Any CPU.Build.0 = Debug|Any CPU
		{BEAB6066-1377-4DB4-A159-60BD74EA758C}.Release|Any CPU.ActiveCfg = Release|Any CPU
		{BEAB6066-1377-4DB4-A159-60BD74EA758C}.Release|Any CPU.Build.0 = Release|Any CPU
		{131D4FD2-0834-48DA-9ADE-FDD2BF764906}.Debug|Any CPU.ActiveCfg = Debug|Any CPU
		{131D4FD2-0834-48DA-9ADE-FDD2BF764906}.Debug|Any CPU.Build.0 = Debug|Any CPU
		{131D4FD2-0834-48DA-9ADE-FDD2BF764906}.Release|Any CPU.ActiveCfg = Release|Any CPU
		{131D4FD2-0834-48DA-9ADE-FDD2BF764906}.Release|Any CPU.Build.0 = Release|Any CPU
		{C8A8678F-5520-427B-B529-7C8A2B3D5FE4}.Debug|Any CPU.ActiveCfg = Debug|Any CPU
		{C8A8678F-5520-427B-B529-7C8A2B3D5FE4}.Debug|Any CPU.Build.0 = Debug|Any CPU
		{C8A8678F-5520-427B-B529-7C8A2B3D5FE4}.Release|Any CPU.ActiveCfg = Release|Any CPU
		{C8A8678F-5520-427B-B529-7C8A2B3D5FE4}.Release|Any CPU.Build.0 = Release|Any CPU
		{E4D1B761-35C1-4662-818C-29AFB09CE342}.Debug|Any CPU.ActiveCfg = Debug|Any CPU
		{E4D1B761-35C1-4662-818C-29AFB09CE342}.Debug|Any CPU.Build.0 = Debug|Any CPU
		{E4D1B761-35C1-4662-818C-29AFB09CE342}.Release|Any CPU.ActiveCfg = Release|Any CPU
		{E4D1B761-35C1-4662-818C-29AFB09CE342}.Release|Any CPU.Build.0 = Release|Any CPU
		{EB6A5EC4-6B0F-444F-80BF-767CC90C3A4A}.Debug|Any CPU.ActiveCfg = Debug|Any CPU
		{EB6A5EC4-6B0F-444F-80BF-767CC90C3A4A}.Debug|Any CPU.Build.0 = Debug|Any CPU
		{EB6A5EC4-6B0F-444F-80BF-767CC90C3A4A}.Release|Any CPU.ActiveCfg = Release|Any CPU
		{EB6A5EC4-6B0F-444F-80BF-767CC90C3A4A}.Release|Any CPU.Build.0 = Release|Any CPU
		{973C55D9-11E1-48E2-A0C4-2D106C4BBB7C}.Debug|Any CPU.ActiveCfg = Debug|Any CPU
		{973C55D9-11E1-48E2-A0C4-2D106C4BBB7C}.Debug|Any CPU.Build.0 = Debug|Any CPU
		{973C55D9-11E1-48E2-A0C4-2D106C4BBB7C}.Release|Any CPU.ActiveCfg = Release|Any CPU
		{973C55D9-11E1-48E2-A0C4-2D106C4BBB7C}.Release|Any CPU.Build.0 = Release|Any CPU
		{D310C4D0-36AA-4ECC-B219-65AF8AFD6032}.Debug|Any CPU.ActiveCfg = Debug|Any CPU
		{D310C4D0-36AA-4ECC-B219-65AF8AFD6032}.Debug|Any CPU.Build.0 = Debug|Any CPU
		{D310C4D0-36AA-4ECC-B219-65AF8AFD6032}.Release|Any CPU.ActiveCfg = Release|Any CPU
		{D310C4D0-36AA-4ECC-B219-65AF8AFD6032}.Release|Any CPU.Build.0 = Release|Any CPU
		{0D49B14A-04DB-4B4B-BB5F-EBFEC07F8C19}.Debug|Any CPU.ActiveCfg = Debug|Any CPU
		{0D49B14A-04DB-4B4B-BB5F-EBFEC07F8C19}.Debug|Any CPU.Build.0 = Debug|Any CPU
		{0D49B14A-04DB-4B4B-BB5F-EBFEC07F8C19}.Release|Any CPU.ActiveCfg = Release|Any CPU
		{0D49B14A-04DB-4B4B-BB5F-EBFEC07F8C19}.Release|Any CPU.Build.0 = Release|Any CPU
		{D635E87E-6BDC-404D-8ECD-0FCF35CA8F4C}.Debug|Any CPU.ActiveCfg = Debug|Any CPU
		{D635E87E-6BDC-404D-8ECD-0FCF35CA8F4C}.Debug|Any CPU.Build.0 = Debug|Any CPU
		{D635E87E-6BDC-404D-8ECD-0FCF35CA8F4C}.Release|Any CPU.ActiveCfg = Release|Any CPU
		{D635E87E-6BDC-404D-8ECD-0FCF35CA8F4C}.Release|Any CPU.Build.0 = Release|Any CPU
		{8C3E6BBB-CEF1-44B6-A945-30BD68DDC9DE}.Debug|Any CPU.ActiveCfg = Debug|Any CPU
		{8C3E6BBB-CEF1-44B6-A945-30BD68DDC9DE}.Debug|Any CPU.Build.0 = Debug|Any CPU
		{8C3E6BBB-CEF1-44B6-A945-30BD68DDC9DE}.Release|Any CPU.ActiveCfg = Release|Any CPU
		{8C3E6BBB-CEF1-44B6-A945-30BD68DDC9DE}.Release|Any CPU.Build.0 = Release|Any CPU
		{B22CF9F9-48ED-4F12-A2A5-6FA7EC594CDD}.Debug|Any CPU.ActiveCfg = Debug|Any CPU
		{B22CF9F9-48ED-4F12-A2A5-6FA7EC594CDD}.Debug|Any CPU.Build.0 = Debug|Any CPU
		{B22CF9F9-48ED-4F12-A2A5-6FA7EC594CDD}.Release|Any CPU.ActiveCfg = Release|Any CPU
		{B22CF9F9-48ED-4F12-A2A5-6FA7EC594CDD}.Release|Any CPU.Build.0 = Release|Any CPU
		{1DFD2464-A408-426E-8105-2D5055304139}.Debug|Any CPU.ActiveCfg = Debug|Any CPU
		{1DFD2464-A408-426E-8105-2D5055304139}.Debug|Any CPU.Build.0 = Debug|Any CPU
		{1DFD2464-A408-426E-8105-2D5055304139}.Release|Any CPU.ActiveCfg = Release|Any CPU
		{1DFD2464-A408-426E-8105-2D5055304139}.Release|Any CPU.Build.0 = Release|Any CPU
	EndGlobalSection
	GlobalSection(SolutionProperties) = preSolution
		HideSolutionNode = FALSE
	EndGlobalSection
	GlobalSection(ExtensibilityGlobals) = postSolution
		SolutionGuid = {1FAA486B-E4E0-4C22-A9C2-982F2FEAF871}
	EndGlobalSection
EndGlobal
